
Microsoft Visual Studio Solution File, Format Version 12.00
Project("{FAE04EC0-301F-11D3-BF4B-00C04F79EFBC}") = "Dodo.HttpClient.ResiliencePolicies", "src\Dodo.HttpClient.ResiliencePolicies\Dodo.HttpClient.ResiliencePolicies.csproj", "{558A02C8-BC81-4ED0-8C10-E9F5C2DF9351}"
EndProject
Project("{FAE04EC0-301F-11D3-BF4B-00C04F79EFBC}") = "Dodo.HttpClient.ResiliencePolicies.Polly.Tests", "tests\Dodo.HttpClient.ResiliencePolicies.Polly.Tests\Dodo.HttpClient.ResiliencePolicies.Polly.Tests.csproj", "{F9AA2D51-3A10-4323-BDFF-D3568C065DA2}"
EndProject
Project("{FAE04EC0-301F-11D3-BF4B-00C04F79EFBC}") = "Dodo.HttpClient.ResiliencePolicies.Core", "src\Dodo.HttpClient.ResiliencePolicies.Core\Dodo.HttpClient.ResiliencePolicies.Core.csproj", "{4CCA385B-8AA6-429F-86F5-ED204E9A701D}"
EndProject
Project("{FAE04EC0-301F-11D3-BF4B-00C04F79EFBC}") = "Dodo.HttpClient.ResiliencePolicies.Polly", "src\Dodo.HttpClient.ResiliencePolicies.Polly\Dodo.HttpClient.ResiliencePolicies.Polly.csproj", "{5ACA750E-9469-41B5-88B5-126A70AD1846}"
EndProject
Global
	GlobalSection(SolutionConfigurationPlatforms) = preSolution
		Debug|Any CPU = Debug|Any CPU
		Release|Any CPU = Release|Any CPU
	EndGlobalSection
	GlobalSection(ProjectConfigurationPlatforms) = postSolution
		{09D70CE7-7727-484C-B27F-65DAE3911A4C}.Debug|Any CPU.ActiveCfg = Debug|Any CPU
		{09D70CE7-7727-484C-B27F-65DAE3911A4C}.Debug|Any CPU.Build.0 = Debug|Any CPU
		{09D70CE7-7727-484C-B27F-65DAE3911A4C}.Release|Any CPU.ActiveCfg = Release|Any CPU
		{09D70CE7-7727-484C-B27F-65DAE3911A4C}.Release|Any CPU.Build.0 = Release|Any CPU
		{558A02C8-BC81-4ED0-8C10-E9F5C2DF9351}.Debug|Any CPU.ActiveCfg = Debug|Any CPU
		{558A02C8-BC81-4ED0-8C10-E9F5C2DF9351}.Debug|Any CPU.Build.0 = Debug|Any CPU
		{558A02C8-BC81-4ED0-8C10-E9F5C2DF9351}.Release|Any CPU.ActiveCfg = Release|Any CPU
		{558A02C8-BC81-4ED0-8C10-E9F5C2DF9351}.Release|Any CPU.Build.0 = Release|Any CPU
		{F9AA2D51-3A10-4323-BDFF-D3568C065DA2}.Debug|Any CPU.ActiveCfg = Debug|Any CPU
		{F9AA2D51-3A10-4323-BDFF-D3568C065DA2}.Debug|Any CPU.Build.0 = Debug|Any CPU
		{F9AA2D51-3A10-4323-BDFF-D3568C065DA2}.Release|Any CPU.ActiveCfg = Release|Any CPU
		{F9AA2D51-3A10-4323-BDFF-D3568C065DA2}.Release|Any CPU.Build.0 = Release|Any CPU
		{4CCA385B-8AA6-429F-86F5-ED204E9A701D}.Debug|Any CPU.ActiveCfg = Debug|Any CPU
		{4CCA385B-8AA6-429F-86F5-ED204E9A701D}.Debug|Any CPU.Build.0 = Debug|Any CPU
		{4CCA385B-8AA6-429F-86F5-ED204E9A701D}.Release|Any CPU.ActiveCfg = Release|Any CPU
		{4CCA385B-8AA6-429F-86F5-ED204E9A701D}.Release|Any CPU.Build.0 = Release|Any CPU
		{5ACA750E-9469-41B5-88B5-126A70AD1846}.Debug|Any CPU.ActiveCfg = Debug|Any CPU
		{5ACA750E-9469-41B5-88B5-126A70AD1846}.Debug|Any CPU.Build.0 = Debug|Any CPU
		{5ACA750E-9469-41B5-88B5-126A70AD1846}.Release|Any CPU.ActiveCfg = Release|Any CPU
		{5ACA750E-9469-41B5-88B5-126A70AD1846}.Release|Any CPU.Build.0 = Release|Any CPU
	EndGlobalSection
	GlobalSection(NestedProjects) = preSolution
	EndGlobalSection
EndGlobal
